
Microsoft Visual Studio Solution File, Format Version 12.00
# Visual Studio Version 17
VisualStudioVersion = 17.8.34309.116
MinimumVisualStudioVersion = 10.0.40219.1
Project("{9A19103F-16F7-4668-BE54-9A1E7A4F7556}") = "TechnicalDemonstration", "TechnicalDemonstration\TechnicalDemonstration.csproj", "{4ACA5C4A-C8F4-49CA-9DB7-99974B3536AF}"
EndProject
Project("{FAE04EC0-301F-11D3-BF4B-00C04F79EFBC}") = "TechnicalDemonstrationTests", "TechnicalDemonstrationTests\TechnicalDemonstrationTests.csproj", "{A4650137-1A43-485F-854A-04284DD000D4}"
EndProject
Global
	GlobalSection(SolutionConfigurationPlatforms) = preSolution
		Debug|Any CPU = Debug|Any CPU
		Release|Any CPU = Release|Any CPU
	EndGlobalSection
	GlobalSection(ProjectConfigurationPlatforms) = postSolution
		{4ACA5C4A-C8F4-49CA-9DB7-99974B3536AF}.Debug|Any CPU.ActiveCfg = Debug|Any CPU
		{4ACA5C4A-C8F4-49CA-9DB7-99974B3536AF}.Debug|Any CPU.Build.0 = Debug|Any CPU
		{4ACA5C4A-C8F4-49CA-9DB7-99974B3536AF}.Release|Any CPU.ActiveCfg = Release|Any CPU
		{4ACA5C4A-C8F4-49CA-9DB7-99974B3536AF}.Release|Any CPU.Build.0 = Release|Any CPU
		{A4650137-1A43-485F-854A-04284DD000D4}.Debug|Any CPU.ActiveCfg = Debug|Any CPU
		{A4650137-1A43-485F-854A-04284DD000D4}.Debug|Any CPU.Build.0 = Debug|Any CPU
		{A4650137-1A43-485F-854A-04284DD000D4}.Release|Any CPU.ActiveCfg = Release|Any CPU
		{A4650137-1A43-485F-854A-04284DD000D4}.Release|Any CPU.Build.0 = Release|Any CPU
	EndGlobalSection
	GlobalSection(SolutionProperties) = preSolution
		HideSolutionNode = FALSE
	EndGlobalSection
	GlobalSection(ExtensibilityGlobals) = postSolution
		SolutionGuid = {3A189D49-CC9E-41E3-91C8-5497DDB5FDD8}
	EndGlobalSection
EndGlobal
